// !$*UTF8*$!
{
	archiveVersion = 1;
	classes = {
	};
	objectVersion = 56;
	objects = {

/* Begin PBXBuildFile section */
		23560F2729C25AB800E037B1 /* Constants.swift in Sources */ = {isa = PBXBuildFile; fileRef = 23560F2629C25AB800E037B1 /* Constants.swift */; };
		23560F2929C288D000E037B1 /* ServiceRequestingImageView.swift in Sources */ = {isa = PBXBuildFile; fileRef = 23560F2829C288D000E037B1 /* ServiceRequestingImageView.swift */; };
		23560F3429C3BA2E00E037B1 /* FirebaseAuth in Frameworks */ = {isa = PBXBuildFile; productRef = 23560F3329C3BA2E00E037B1 /* FirebaseAuth */; };
		23560F3729C3BB1300E037B1 /* SignInViewController.swift in Sources */ = {isa = PBXBuildFile; fileRef = 23560F3629C3BB1300E037B1 /* SignInViewController.swift */; };
		23560F3929C3BB2900E037B1 /* SignInViewModel.swift in Sources */ = {isa = PBXBuildFile; fileRef = 23560F3829C3BB2900E037B1 /* SignInViewModel.swift */; };
		23560F3C29C3BB4A00E037B1 /* CreateAccountViewController.swift in Sources */ = {isa = PBXBuildFile; fileRef = 23560F3B29C3BB4A00E037B1 /* CreateAccountViewController.swift */; };
		23560F3E29C3BB5700E037B1 /* CreateAccountViewModel.swift in Sources */ = {isa = PBXBuildFile; fileRef = 23560F3D29C3BB5700E037B1 /* CreateAccountViewModel.swift */; };
		23BCFE9A29BFBF7100664804 /* AppDelegate.swift in Sources */ = {isa = PBXBuildFile; fileRef = 23BCFE9929BFBF7100664804 /* AppDelegate.swift */; };
		23BCFE9C29BFBF7100664804 /* SceneDelegate.swift in Sources */ = {isa = PBXBuildFile; fileRef = 23BCFE9B29BFBF7100664804 /* SceneDelegate.swift */; };
		23BCFEA129BFBF7100664804 /* Main.storyboard in Resources */ = {isa = PBXBuildFile; fileRef = 23BCFE9F29BFBF7100664804 /* Main.storyboard */; };
		23BCFEA329BFBF7200664804 /* Assets.xcassets in Resources */ = {isa = PBXBuildFile; fileRef = 23BCFEA229BFBF7200664804 /* Assets.xcassets */; };
		23BCFEA629BFBF7200664804 /* LaunchScreen.storyboard in Resources */ = {isa = PBXBuildFile; fileRef = 23BCFEA429BFBF7200664804 /* LaunchScreen.storyboard */; };
		23BCFEB029BFC0B000664804 /* User.swift in Sources */ = {isa = PBXBuildFile; fileRef = 23BCFEAF29BFC0B000664804 /* User.swift */; };
		23BCFEB729BFC56100664804 /* FirebaseFirestore in Frameworks */ = {isa = PBXBuildFile; productRef = 23BCFEB629BFC56100664804 /* FirebaseFirestore */; };
		23BCFEB929BFC56100664804 /* FirebaseStorage in Frameworks */ = {isa = PBXBuildFile; productRef = 23BCFEB829BFC56100664804 /* FirebaseStorage */; };
		23BCFEBB29BFCAAD00664804 /* GoogleService-Info.plist in Resources */ = {isa = PBXBuildFile; fileRef = 23BCFEBA29BFCAAD00664804 /* GoogleService-Info.plist */; };
		23BCFEBD29BFCD9200664804 /* Post.swift in Sources */ = {isa = PBXBuildFile; fileRef = 23BCFEBC29BFCD9200664804 /* Post.swift */; };
		23BCFEBF29BFD31600664804 /* PostDetailViewController.swift in Sources */ = {isa = PBXBuildFile; fileRef = 23BCFEBE29BFD31600664804 /* PostDetailViewController.swift */; };
		23BCFEC129BFD76900664804 /* PostDetailViewModel.swift in Sources */ = {isa = PBXBuildFile; fileRef = 23BCFEC029BFD76900664804 /* PostDetailViewModel.swift */; };
		23BCFEC429BFD7A700664804 /* FirebaseService.swift in Sources */ = {isa = PBXBuildFile; fileRef = 23BCFEC329BFD7A700664804 /* FirebaseService.swift */; };
		23BCFEC629BFD7CB00664804 /* DateHelper.swift in Sources */ = {isa = PBXBuildFile; fileRef = 23BCFEC529BFD7CB00664804 /* DateHelper.swift */; };
		23BCFED129C109CB00664804 /* PostListTableViewController.swift in Sources */ = {isa = PBXBuildFile; fileRef = 23BCFED029C109CB00664804 /* PostListTableViewController.swift */; };
		23BCFED329C10A4800664804 /* PostListViewModel.swift in Sources */ = {isa = PBXBuildFile; fileRef = 23BCFED229C10A4800664804 /* PostListViewModel.swift */; };
		23BCFED629C10B2500664804 /* PostListTableViewCell.swift in Sources */ = {isa = PBXBuildFile; fileRef = 23BCFED529C10B2500664804 /* PostListTableViewCell.swift */; };
/* End PBXBuildFile section */

/* Begin PBXFileReference section */
		23560F2629C25AB800E037B1 /* Constants.swift */ = {isa = PBXFileReference; lastKnownFileType = sourcecode.swift; path = Constants.swift; sourceTree = "<group>"; };
		23560F2829C288D000E037B1 /* ServiceRequestingImageView.swift */ = {isa = PBXFileReference; lastKnownFileType = sourcecode.swift; path = ServiceRequestingImageView.swift; sourceTree = "<group>"; };
		23560F3629C3BB1300E037B1 /* SignInViewController.swift */ = {isa = PBXFileReference; lastKnownFileType = sourcecode.swift; path = SignInViewController.swift; sourceTree = "<group>"; };
		23560F3829C3BB2900E037B1 /* SignInViewModel.swift */ = {isa = PBXFileReference; lastKnownFileType = sourcecode.swift; path = SignInViewModel.swift; sourceTree = "<group>"; };
		23560F3B29C3BB4A00E037B1 /* CreateAccountViewController.swift */ = {isa = PBXFileReference; lastKnownFileType = sourcecode.swift; path = CreateAccountViewController.swift; sourceTree = "<group>"; };
		23560F3D29C3BB5700E037B1 /* CreateAccountViewModel.swift */ = {isa = PBXFileReference; lastKnownFileType = sourcecode.swift; path = CreateAccountViewModel.swift; sourceTree = "<group>"; };
		23BCFE9629BFBF7100664804 /* LaterGram.app */ = {isa = PBXFileReference; explicitFileType = wrapper.application; includeInIndex = 0; path = LaterGram.app; sourceTree = BUILT_PRODUCTS_DIR; };
		23BCFE9929BFBF7100664804 /* AppDelegate.swift */ = {isa = PBXFileReference; lastKnownFileType = sourcecode.swift; path = AppDelegate.swift; sourceTree = "<group>"; };
		23BCFE9B29BFBF7100664804 /* SceneDelegate.swift */ = {isa = PBXFileReference; lastKnownFileType = sourcecode.swift; path = SceneDelegate.swift; sourceTree = "<group>"; };
		23BCFEA029BFBF7100664804 /* Base */ = {isa = PBXFileReference; lastKnownFileType = file.storyboard; name = Base; path = Base.lproj/Main.storyboard; sourceTree = "<group>"; };
		23BCFEA229BFBF7200664804 /* Assets.xcassets */ = {isa = PBXFileReference; lastKnownFileType = folder.assetcatalog; path = Assets.xcassets; sourceTree = "<group>"; };
		23BCFEA529BFBF7200664804 /* Base */ = {isa = PBXFileReference; lastKnownFileType = file.storyboard; name = Base; path = Base.lproj/LaunchScreen.storyboard; sourceTree = "<group>"; };
		23BCFEA729BFBF7200664804 /* Info.plist */ = {isa = PBXFileReference; lastKnownFileType = text.plist.xml; path = Info.plist; sourceTree = "<group>"; };
		23BCFEAF29BFC0B000664804 /* User.swift */ = {isa = PBXFileReference; lastKnownFileType = sourcecode.swift; path = User.swift; sourceTree = "<group>"; };
		23BCFEBA29BFCAAD00664804 /* GoogleService-Info.plist */ = {isa = PBXFileReference; fileEncoding = 4; lastKnownFileType = text.plist.xml; path = "GoogleService-Info.plist"; sourceTree = "<group>"; };
		23BCFEBC29BFCD9200664804 /* Post.swift */ = {isa = PBXFileReference; lastKnownFileType = sourcecode.swift; path = Post.swift; sourceTree = "<group>"; };
		23BCFEBE29BFD31600664804 /* PostDetailViewController.swift */ = {isa = PBXFileReference; lastKnownFileType = sourcecode.swift; path = PostDetailViewController.swift; sourceTree = "<group>"; };
		23BCFEC029BFD76900664804 /* PostDetailViewModel.swift */ = {isa = PBXFileReference; lastKnownFileType = sourcecode.swift; path = PostDetailViewModel.swift; sourceTree = "<group>"; };
		23BCFEC329BFD7A700664804 /* FirebaseService.swift */ = {isa = PBXFileReference; lastKnownFileType = sourcecode.swift; path = FirebaseService.swift; sourceTree = "<group>"; };
		23BCFEC529BFD7CB00664804 /* DateHelper.swift */ = {isa = PBXFileReference; lastKnownFileType = sourcecode.swift; path = DateHelper.swift; sourceTree = "<group>"; };
		23BCFED029C109CB00664804 /* PostListTableViewController.swift */ = {isa = PBXFileReference; lastKnownFileType = sourcecode.swift; path = PostListTableViewController.swift; sourceTree = "<group>"; };
		23BCFED229C10A4800664804 /* PostListViewModel.swift */ = {isa = PBXFileReference; lastKnownFileType = sourcecode.swift; path = PostListViewModel.swift; sourceTree = "<group>"; };
		23BCFED529C10B2500664804 /* PostListTableViewCell.swift */ = {isa = PBXFileReference; lastKnownFileType = sourcecode.swift; path = PostListTableViewCell.swift; sourceTree = "<group>"; };
/* End PBXFileReference section */

/* Begin PBXFrameworksBuildPhase section */
		23BCFE9329BFBF7100664804 /* Frameworks */ = {
			isa = PBXFrameworksBuildPhase;
			buildActionMask = 2147483647;
			files = (
				23BCFEB729BFC56100664804 /* FirebaseFirestore in Frameworks */,
				23560F3429C3BA2E00E037B1 /* FirebaseAuth in Frameworks */,
				23BCFEB929BFC56100664804 /* FirebaseStorage in Frameworks */,
			);
			runOnlyForDeploymentPostprocessing = 0;
		};
/* End PBXFrameworksBuildPhase section */

/* Begin PBXGroup section */
		23560F3229C3BA2E00E037B1 /* Frameworks */ = {
			isa = PBXGroup;
			children = (
			);
			name = Frameworks;
			sourceTree = "<group>";
		};
		23560F3529C3BAFB00E037B1 /* Sign In */ = {
			isa = PBXGroup;
			children = (
				23560F3629C3BB1300E037B1 /* SignInViewController.swift */,
				23560F3829C3BB2900E037B1 /* SignInViewModel.swift */,
			);
			path = "Sign In";
			sourceTree = "<group>";
		};
		23560F3A29C3BB3100E037B1 /* Create Account */ = {
			isa = PBXGroup;
			children = (
				23560F3B29C3BB4A00E037B1 /* CreateAccountViewController.swift */,
				23560F3D29C3BB5700E037B1 /* CreateAccountViewModel.swift */,
			);
			path = "Create Account";
			sourceTree = "<group>";
		};
		23BCFE8D29BFBF7100664804 = {
			isa = PBXGroup;
			children = (
				23BCFE9829BFBF7100664804 /* LaterGram */,
				23BCFE9729BFBF7100664804 /* Products */,
				23560F3229C3BA2E00E037B1 /* Frameworks */,
			);
			sourceTree = "<group>";
		};
		23BCFE9729BFBF7100664804 /* Products */ = {
			isa = PBXGroup;
			children = (
				23BCFE9629BFBF7100664804 /* LaterGram.app */,
			);
			name = Products;
			sourceTree = "<group>";
		};
		23BCFE9829BFBF7100664804 /* LaterGram */ = {
			isa = PBXGroup;
			children = (
				23560F3A29C3BB3100E037B1 /* Create Account */,
				23560F3529C3BAFB00E037B1 /* Sign In */,
				23BCFECD29C107F000664804 /* Post List View */,
				23BCFECC29C0FDE600664804 /* Post Detail View */,
				23BCFEC229BFD78C00664804 /* Helper Files */,
				23BCFEAE29BFC0A600664804 /* Models */,
				23BCFE9F29BFBF7100664804 /* Main.storyboard */,
				23BCFEBA29BFCAAD00664804 /* GoogleService-Info.plist */,
				23BCFEAD29BFC02900664804 /* Resources */,
			);
			path = LaterGram;
			sourceTree = "<group>";
		};
		23BCFEAD29BFC02900664804 /* Resources */ = {
			isa = PBXGroup;
			children = (
				23BCFE9929BFBF7100664804 /* AppDelegate.swift */,
				23BCFE9B29BFBF7100664804 /* SceneDelegate.swift */,
				23BCFEA229BFBF7200664804 /* Assets.xcassets */,
				23BCFEA429BFBF7200664804 /* LaunchScreen.storyboard */,
				23BCFEA729BFBF7200664804 /* Info.plist */,
			);
			path = Resources;
			sourceTree = "<group>";
		};
		23BCFEAE29BFC0A600664804 /* Models */ = {
			isa = PBXGroup;
			children = (
				23BCFEAF29BFC0B000664804 /* User.swift */,
				23BCFEBC29BFCD9200664804 /* Post.swift */,
			);
			path = Models;
			sourceTree = "<group>";
		};
		23BCFEC229BFD78C00664804 /* Helper Files */ = {
			isa = PBXGroup;
			children = (
				23BCFEC529BFD7CB00664804 /* DateHelper.swift */,
				23BCFEC329BFD7A700664804 /* FirebaseService.swift */,
				23560F2629C25AB800E037B1 /* Constants.swift */,
			);
			path = "Helper Files";
			sourceTree = "<group>";
		};
		23BCFECC29C0FDE600664804 /* Post Detail View */ = {
			isa = PBXGroup;
			children = (
				23BCFEBE29BFD31600664804 /* PostDetailViewController.swift */,
				23BCFEC029BFD76900664804 /* PostDetailViewModel.swift */,
			);
			path = "Post Detail View";
			sourceTree = "<group>";
		};
		23BCFECD29C107F000664804 /* Post List View */ = {
			isa = PBXGroup;
			children = (
				23BCFED029C109CB00664804 /* PostListTableViewController.swift */,
				23BCFED229C10A4800664804 /* PostListViewModel.swift */,
				23BCFED429C10B0900664804 /* Custom Cell */,
			);
			path = "Post List View";
			sourceTree = "<group>";
		};
		23BCFED429C10B0900664804 /* Custom Cell */ = {
			isa = PBXGroup;
			children = (
				23BCFED529C10B2500664804 /* PostListTableViewCell.swift */,
				23560F2829C288D000E037B1 /* ServiceRequestingImageView.swift */,
			);
			path = "Custom Cell";
			sourceTree = "<group>";
		};
/* End PBXGroup section */

/* Begin PBXNativeTarget section */
		23BCFE9529BFBF7100664804 /* LaterGram */ = {
			isa = PBXNativeTarget;
			buildConfigurationList = 23BCFEAA29BFBF7200664804 /* Build configuration list for PBXNativeTarget "LaterGram" */;
			buildPhases = (
				23BCFE9229BFBF7100664804 /* Sources */,
				23BCFE9329BFBF7100664804 /* Frameworks */,
				23BCFE9429BFBF7100664804 /* Resources */,
			);
			buildRules = (
			);
			dependencies = (
			);
			name = LaterGram;
			packageProductDependencies = (
				23BCFEB629BFC56100664804 /* FirebaseFirestore */,
				23BCFEB829BFC56100664804 /* FirebaseStorage */,
				23560F3329C3BA2E00E037B1 /* FirebaseAuth */,
			);
			productName = LaterGram;
			productReference = 23BCFE9629BFBF7100664804 /* LaterGram.app */;
			productType = "com.apple.product-type.application";
		};
/* End PBXNativeTarget section */

/* Begin PBXProject section */
		23BCFE8E29BFBF7100664804 /* Project object */ = {
			isa = PBXProject;
			attributes = {
				BuildIndependentTargetsInParallel = 1;
				LastSwiftUpdateCheck = 1420;
				LastUpgradeCheck = 1420;
				TargetAttributes = {
					23BCFE9529BFBF7100664804 = {
						CreatedOnToolsVersion = 14.2;
					};
				};
			};
			buildConfigurationList = 23BCFE9129BFBF7100664804 /* Build configuration list for PBXProject "LaterGram" */;
			compatibilityVersion = "Xcode 14.0";
			developmentRegion = en;
			hasScannedForEncodings = 0;
			knownRegions = (
				en,
				Base,
			);
			mainGroup = 23BCFE8D29BFBF7100664804;
			packageReferences = (
				23BCFEB529BFC56100664804 /* XCRemoteSwiftPackageReference "firebase-ios-sdk" */,
			);
			productRefGroup = 23BCFE9729BFBF7100664804 /* Products */;
			projectDirPath = "";
			projectRoot = "";
			targets = (
				23BCFE9529BFBF7100664804 /* LaterGram */,
			);
		};
/* End PBXProject section */

/* Begin PBXResourcesBuildPhase section */
		23BCFE9429BFBF7100664804 /* Resources */ = {
			isa = PBXResourcesBuildPhase;
			buildActionMask = 2147483647;
			files = (
				23BCFEA629BFBF7200664804 /* LaunchScreen.storyboard in Resources */,
				23BCFEA329BFBF7200664804 /* Assets.xcassets in Resources */,
				23BCFEA129BFBF7100664804 /* Main.storyboard in Resources */,
				23BCFEBB29BFCAAD00664804 /* GoogleService-Info.plist in Resources */,
			);
			runOnlyForDeploymentPostprocessing = 0;
		};
/* End PBXResourcesBuildPhase section */

/* Begin PBXSourcesBuildPhase section */
		23BCFE9229BFBF7100664804 /* Sources */ = {
			isa = PBXSourcesBuildPhase;
			buildActionMask = 2147483647;
			files = (
				23560F3729C3BB1300E037B1 /* SignInViewController.swift in Sources */,
				23560F2929C288D000E037B1 /* ServiceRequestingImageView.swift in Sources */,
				23BCFED129C109CB00664804 /* PostListTableViewController.swift in Sources */,
				23BCFEC129BFD76900664804 /* PostDetailViewModel.swift in Sources */,
				23560F3C29C3BB4A00E037B1 /* CreateAccountViewController.swift in Sources */,
				23BCFED329C10A4800664804 /* PostListViewModel.swift in Sources */,
				23BCFEC629BFD7CB00664804 /* DateHelper.swift in Sources */,
				23BCFE9A29BFBF7100664804 /* AppDelegate.swift in Sources */,
				23BCFE9C29BFBF7100664804 /* SceneDelegate.swift in Sources */,
				23560F3E29C3BB5700E037B1 /* CreateAccountViewModel.swift in Sources */,
				23BCFEB029BFC0B000664804 /* User.swift in Sources */,
				23BCFEC429BFD7A700664804 /* FirebaseService.swift in Sources */,
				23BCFEBD29BFCD9200664804 /* Post.swift in Sources */,
				23BCFED629C10B2500664804 /* PostListTableViewCell.swift in Sources */,
				23BCFEBF29BFD31600664804 /* PostDetailViewController.swift in Sources */,
				23560F2729C25AB800E037B1 /* Constants.swift in Sources */,
				23560F3929C3BB2900E037B1 /* SignInViewModel.swift in Sources */,
			);
			runOnlyForDeploymentPostprocessing = 0;
		};
/* End PBXSourcesBuildPhase section */

/* Begin PBXVariantGroup section */
		23BCFE9F29BFBF7100664804 /* Main.storyboard */ = {
			isa = PBXVariantGroup;
			children = (
				23BCFEA029BFBF7100664804 /* Base */,
			);
			name = Main.storyboard;
			sourceTree = "<group>";
		};
		23BCFEA429BFBF7200664804 /* LaunchScreen.storyboard */ = {
			isa = PBXVariantGroup;
			children = (
				23BCFEA529BFBF7200664804 /* Base */,
			);
			name = LaunchScreen.storyboard;
			sourceTree = "<group>";
		};
/* End PBXVariantGroup section */

/* Begin XCBuildConfiguration section */
		23BCFEA829BFBF7200664804 /* Debug */ = {
			isa = XCBuildConfiguration;
			buildSettings = {
				ALWAYS_SEARCH_USER_PATHS = NO;
				CLANG_ANALYZER_NONNULL = YES;
				CLANG_ANALYZER_NUMBER_OBJECT_CONVERSION = YES_AGGRESSIVE;
				CLANG_CXX_LANGUAGE_STANDARD = "gnu++20";
				CLANG_ENABLE_MODULES = YES;
				CLANG_ENABLE_OBJC_ARC = YES;
				CLANG_ENABLE_OBJC_WEAK = YES;
				CLANG_WARN_BLOCK_CAPTURE_AUTORELEASING = YES;
				CLANG_WARN_BOOL_CONVERSION = YES;
				CLANG_WARN_COMMA = YES;
				CLANG_WARN_CONSTANT_CONVERSION = YES;
				CLANG_WARN_DEPRECATED_OBJC_IMPLEMENTATIONS = YES;
				CLANG_WARN_DIRECT_OBJC_ISA_USAGE = YES_ERROR;
				CLANG_WARN_DOCUMENTATION_COMMENTS = YES;
				CLANG_WARN_EMPTY_BODY = YES;
				CLANG_WARN_ENUM_CONVERSION = YES;
				CLANG_WARN_INFINITE_RECURSION = YES;
				CLANG_WARN_INT_CONVERSION = YES;
				CLANG_WARN_NON_LITERAL_NULL_CONVERSION = YES;
				CLANG_WARN_OBJC_IMPLICIT_RETAIN_SELF = YES;
				CLANG_WARN_OBJC_LITERAL_CONVERSION = YES;
				CLANG_WARN_OBJC_ROOT_CLASS = YES_ERROR;
				CLANG_WARN_QUOTED_INCLUDE_IN_FRAMEWORK_HEADER = YES;
				CLANG_WARN_RANGE_LOOP_ANALYSIS = YES;
				CLANG_WARN_STRICT_PROTOTYPES = YES;
				CLANG_WARN_SUSPICIOUS_MOVE = YES;
				CLANG_WARN_UNGUARDED_AVAILABILITY = YES_AGGRESSIVE;
				CLANG_WARN_UNREACHABLE_CODE = YES;
				CLANG_WARN__DUPLICATE_METHOD_MATCH = YES;
				COPY_PHASE_STRIP = NO;
				DEBUG_INFORMATION_FORMAT = dwarf;
				ENABLE_STRICT_OBJC_MSGSEND = YES;
				ENABLE_TESTABILITY = YES;
				GCC_C_LANGUAGE_STANDARD = gnu11;
				GCC_DYNAMIC_NO_PIC = NO;
				GCC_NO_COMMON_BLOCKS = YES;
				GCC_OPTIMIZATION_LEVEL = 0;
				GCC_PREPROCESSOR_DEFINITIONS = (
					"DEBUG=1",
					"$(inherited)",
				);
				GCC_WARN_64_TO_32_BIT_CONVERSION = YES;
				GCC_WARN_ABOUT_RETURN_TYPE = YES_ERROR;
				GCC_WARN_UNDECLARED_SELECTOR = YES;
				GCC_WARN_UNINITIALIZED_AUTOS = YES_AGGRESSIVE;
				GCC_WARN_UNUSED_FUNCTION = YES;
				GCC_WARN_UNUSED_VARIABLE = YES;
				IPHONEOS_DEPLOYMENT_TARGET = 16.2;
				MTL_ENABLE_DEBUG_INFO = INCLUDE_SOURCE;
				MTL_FAST_MATH = YES;
				ONLY_ACTIVE_ARCH = YES;
				SDKROOT = iphoneos;
				SWIFT_ACTIVE_COMPILATION_CONDITIONS = DEBUG;
				SWIFT_OPTIMIZATION_LEVEL = "-Onone";
			};
			name = Debug;
		};
		23BCFEA929BFBF7200664804 /* Release */ = {
			isa = XCBuildConfiguration;
			buildSettings = {
				ALWAYS_SEARCH_USER_PATHS = NO;
				CLANG_ANALYZER_NONNULL = YES;
				CLANG_ANALYZER_NUMBER_OBJECT_CONVERSION = YES_AGGRESSIVE;
				CLANG_CXX_LANGUAGE_STANDARD = "gnu++20";
				CLANG_ENABLE_MODULES = YES;
				CLANG_ENABLE_OBJC_ARC = YES;
				CLANG_ENABLE_OBJC_WEAK = YES;
				CLANG_WARN_BLOCK_CAPTURE_AUTORELEASING = YES;
				CLANG_WARN_BOOL_CONVERSION = YES;
				CLANG_WARN_COMMA = YES;
				CLANG_WARN_CONSTANT_CONVERSION = YES;
				CLANG_WARN_DEPRECATED_OBJC_IMPLEMENTATIONS = YES;
				CLANG_WARN_DIRECT_OBJC_ISA_USAGE = YES_ERROR;
				CLANG_WARN_DOCUMENTATION_COMMENTS = YES;
				CLANG_WARN_EMPTY_BODY = YES;
				CLANG_WARN_ENUM_CONVERSION = YES;
				CLANG_WARN_INFINITE_RECURSION = YES;
				CLANG_WARN_INT_CONVERSION = YES;
				CLANG_WARN_NON_LITERAL_NULL_CONVERSION = YES;
				CLANG_WARN_OBJC_IMPLICIT_RETAIN_SELF = YES;
				CLANG_WARN_OBJC_LITERAL_CONVERSION = YES;
				CLANG_WARN_OBJC_ROOT_CLASS = YES_ERROR;
				CLANG_WARN_QUOTED_INCLUDE_IN_FRAMEWORK_HEADER = YES;
				CLANG_WARN_RANGE_LOOP_ANALYSIS = YES;
				CLANG_WARN_STRICT_PROTOTYPES = YES;
				CLANG_WARN_SUSPICIOUS_MOVE = YES;
				CLANG_WARN_UNGUARDED_AVAILABILITY = YES_AGGRESSIVE;
				CLANG_WARN_UNREACHABLE_CODE = YES;
				CLANG_WARN__DUPLICATE_METHOD_MATCH = YES;
				COPY_PHASE_STRIP = NO;
				DEBUG_INFORMATION_FORMAT = "dwarf-with-dsym";
				ENABLE_NS_ASSERTIONS = NO;
				ENABLE_STRICT_OBJC_MSGSEND = YES;
				GCC_C_LANGUAGE_STANDARD = gnu11;
				GCC_NO_COMMON_BLOCKS = YES;
				GCC_WARN_64_TO_32_BIT_CONVERSION = YES;
				GCC_WARN_ABOUT_RETURN_TYPE = YES_ERROR;
				GCC_WARN_UNDECLARED_SELECTOR = YES;
				GCC_WARN_UNINITIALIZED_AUTOS = YES_AGGRESSIVE;
				GCC_WARN_UNUSED_FUNCTION = YES;
				GCC_WARN_UNUSED_VARIABLE = YES;
				IPHONEOS_DEPLOYMENT_TARGET = 16.2;
				MTL_ENABLE_DEBUG_INFO = NO;
				MTL_FAST_MATH = YES;
				SDKROOT = iphoneos;
				SWIFT_COMPILATION_MODE = wholemodule;
				SWIFT_OPTIMIZATION_LEVEL = "-O";
				VALIDATE_PRODUCT = YES;
			};
			name = Release;
		};
		23BCFEAB29BFBF7200664804 /* Debug */ = {
			isa = XCBuildConfiguration;
			buildSettings = {
				ASSETCATALOG_COMPILER_APPICON_NAME = AppIcon;
				ASSETCATALOG_COMPILER_GLOBAL_ACCENT_COLOR_NAME = AccentColor;
				CODE_SIGN_STYLE = Automatic;
				CURRENT_PROJECT_VERSION = 1;
				GENERATE_INFOPLIST_FILE = YES;
				INFOPLIST_FILE = LaterGram/Resources/Info.plist;
				INFOPLIST_KEY_UIApplicationSupportsIndirectInputEvents = YES;
				INFOPLIST_KEY_UILaunchStoryboardName = LaunchScreen;
				INFOPLIST_KEY_UIMainStoryboardFile = Main;
				INFOPLIST_KEY_UISupportedInterfaceOrientations_iPad = "UIInterfaceOrientationPortrait UIInterfaceOrientationPortraitUpsideDown UIInterfaceOrientationLandscapeLeft UIInterfaceOrientationLandscapeRight";
				INFOPLIST_KEY_UISupportedInterfaceOrientations_iPhone = "UIInterfaceOrientationPortrait UIInterfaceOrientationLandscapeLeft UIInterfaceOrientationLandscapeRight";
				LD_RUNPATH_SEARCH_PATHS = (
					"$(inherited)",
					"@executable_path/Frameworks",
				);
				MARKETING_VERSION = 1.0;
				PRODUCT_BUNDLE_IDENTIFIER = dotGlo.LaterGram;
				PRODUCT_NAME = "$(TARGET_NAME)";
				SWIFT_EMIT_LOC_STRINGS = YES;
				SWIFT_VERSION = 5.0;
				TARGETED_DEVICE_FAMILY = "1,2";
			};
			name = Debug;
		};
		23BCFEAC29BFBF7200664804 /* Release */ = {
			isa = XCBuildConfiguration;
			buildSettings = {
				ASSETCATALOG_COMPILER_APPICON_NAME = AppIcon;
				ASSETCATALOG_COMPILER_GLOBAL_ACCENT_COLOR_NAME = AccentColor;
				CODE_SIGN_STYLE = Automatic;
				CURRENT_PROJECT_VERSION = 1;
				GENERATE_INFOPLIST_FILE = YES;
				INFOPLIST_FILE = LaterGram/Resources/Info.plist;
				INFOPLIST_KEY_UIApplicationSupportsIndirectInputEvents = YES;
				INFOPLIST_KEY_UILaunchStoryboardName = LaunchScreen;
				INFOPLIST_KEY_UIMainStoryboardFile = Main;
				INFOPLIST_KEY_UISupportedInterfaceOrientations_iPad = "UIInterfaceOrientationPortrait UIInterfaceOrientationPortraitUpsideDown UIInterfaceOrientationLandscapeLeft UIInterfaceOrientationLandscapeRight";
				INFOPLIST_KEY_UISupportedInterfaceOrientations_iPhone = "UIInterfaceOrientationPortrait UIInterfaceOrientationLandscapeLeft UIInterfaceOrientationLandscapeRight";
				LD_RUNPATH_SEARCH_PATHS = (
					"$(inherited)",
					"@executable_path/Frameworks",
				);
				MARKETING_VERSION = 1.0;
				PRODUCT_BUNDLE_IDENTIFIER = dotGlo.LaterGram;
				PRODUCT_NAME = "$(TARGET_NAME)";
				SWIFT_EMIT_LOC_STRINGS = YES;
				SWIFT_VERSION = 5.0;
				TARGETED_DEVICE_FAMILY = "1,2";
			};
			name = Release;
		};
/* End XCBuildConfiguration section */

/* Begin XCConfigurationList section */
		23BCFE9129BFBF7100664804 /* Build configuration list for PBXProject "LaterGram" */ = {
			isa = XCConfigurationList;
			buildConfigurations = (
				23BCFEA829BFBF7200664804 /* Debug */,
				23BCFEA929BFBF7200664804 /* Release */,
			);
			defaultConfigurationIsVisible = 0;
			defaultConfigurationName = Release;
		};
		23BCFEAA29BFBF7200664804 /* Build configuration list for PBXNativeTarget "LaterGram" */ = {
			isa = XCConfigurationList;
			buildConfigurations = (
				23BCFEAB29BFBF7200664804 /* Debug */,
				23BCFEAC29BFBF7200664804 /* Release */,
			);
			defaultConfigurationIsVisible = 0;
			defaultConfigurationName = Release;
		};
/* End XCConfigurationList section */

/* Begin XCRemoteSwiftPackageReference section */
		23BCFEB529BFC56100664804 /* XCRemoteSwiftPackageReference "firebase-ios-sdk" */ = {
			isa = XCRemoteSwiftPackageReference;
			repositoryURL = "https://github.com/firebase/firebase-ios-sdk";
			requirement = {
				branch = master;
				kind = branch;
			};
		};
/* End XCRemoteSwiftPackageReference section */

/* Begin XCSwiftPackageProductDependency section */
		23560F3329C3BA2E00E037B1 /* FirebaseAuth */ = {
			isa = XCSwiftPackageProductDependency;
			package = 23BCFEB529BFC56100664804 /* XCRemoteSwiftPackageReference "firebase-ios-sdk" */;
			productName = FirebaseAuth;
		};
		23BCFEB629BFC56100664804 /* FirebaseFirestore */ = {
			isa = XCSwiftPackageProductDependency;
			package = 23BCFEB529BFC56100664804 /* XCRemoteSwiftPackageReference "firebase-ios-sdk" */;
			productName = FirebaseFirestore;
		};
		23BCFEB829BFC56100664804 /* FirebaseStorage */ = {
			isa = XCSwiftPackageProductDependency;
			package = 23BCFEB529BFC56100664804 /* XCRemoteSwiftPackageReference "firebase-ios-sdk" */;
			productName = FirebaseStorage;
		};
/* End XCSwiftPackageProductDependency section */
	};
	rootObject = 23BCFE8E29BFBF7100664804 /* Project object */;
}
